
Microsoft Visual Studio Solution File, Format Version 12.00
# Visual Studio Version 17
VisualStudioVersion = 17.5.33424.131
MinimumVisualStudioVersion = 10.0.40219.1
Project("{FAE04EC0-301F-11D3-BF4B-00C04F79EFBC}") = "StudentCrud.Entities", "StudentCrud.Entities\StudentCrud.Entities.csproj", "{1BFEF203-27C1-4EF7-B77A-2A654CBDEE43}"
EndProject
Project("{9A19103F-16F7-4668-BE54-9A1E7A4F7556}") = "StudentCrud.API", "..\StudentCrud.API\StudentCrud.API\StudentCrud.API.csproj", "{3A127C4F-3905-45E5-BD2E-058B933669E8}"
EndProject
Project("{9A19103F-16F7-4668-BE54-9A1E7A4F7556}") = "StudentCrud.WebUI", "..\StudentCrud.WebUI\StudentCrud.WebUI\StudentCrud.WebUI.csproj", "{250330D7-D99F-4A6F-B615-3259F78F7F02}"
EndProject
Global
	GlobalSection(SolutionConfigurationPlatforms) = preSolution
		Debug|Any CPU = Debug|Any CPU
		Release|Any CPU = Release|Any CPU
	EndGlobalSection
	GlobalSection(ProjectConfigurationPlatforms) = postSolution
		{1BFEF203-27C1-4EF7-B77A-2A654CBDEE43}.Debug|Any CPU.ActiveCfg = Debug|Any CPU
		{1BFEF203-27C1-4EF7-B77A-2A654CBDEE43}.Debug|Any CPU.Build.0 = Debug|Any CPU
		{1BFEF203-27C1-4EF7-B77A-2A654CBDEE43}.Release|Any CPU.ActiveCfg = Release|Any CPU
		{1BFEF203-27C1-4EF7-B77A-2A654CBDEE43}.Release|Any CPU.Build.0 = Release|Any CPU
		{3A127C4F-3905-45E5-BD2E-058B933669E8}.Debug|Any CPU.ActiveCfg = Debug|Any CPU
		{3A127C4F-3905-45E5-BD2E-058B933669E8}.Debug|Any CPU.Build.0 = Debug|Any CPU
		{3A127C4F-3905-45E5-BD2E-058B933669E8}.Release|Any CPU.ActiveCfg = Release|Any CPU
		{3A127C4F-3905-45E5-BD2E-058B933669E8}.Release|Any CPU.Build.0 = Release|Any CPU
		{250330D7-D99F-4A6F-B615-3259F78F7F02}.Debug|Any CPU.ActiveCfg = Debug|Any CPU
		{250330D7-D99F-4A6F-B615-3259F78F7F02}.Debug|Any CPU.Build.0 = Debug|Any CPU
		{250330D7-D99F-4A6F-B615-3259F78F7F02}.Release|Any CPU.ActiveCfg = Release|Any CPU
		{250330D7-D99F-4A6F-B615-3259F78F7F02}.Release|Any CPU.Build.0 = Release|Any CPU
	EndGlobalSection
	GlobalSection(SolutionProperties) = preSolution
		HideSolutionNode = FALSE
	EndGlobalSection
	GlobalSection(ExtensibilityGlobals) = postSolution
		SolutionGuid = {1B57DEEA-E54F-4592-9EEF-7B6FD594F71B}
	EndGlobalSection
EndGlobal
